
Microsoft Visual Studio Solution File, Format Version 12.00
# Visual Studio 14
VisualStudioVersion = 14.0.24720.0
MinimumVisualStudioVersion = 10.0.40219.1
Project("{FAE04EC0-301F-11D3-BF4B-00C04F79EFBC}") = "Data", "Data\Data.csproj", "{3A90B463-9894-4E0D-B32D-5475835239F0}"
EndProject
Project("{FAE04EC0-301F-11D3-BF4B-00C04F79EFBC}") = "Common", "Common\Common.csproj", "{EB3C0D87-B73D-433D-8BBD-194CD53B682B}"
EndProject
Project("{FAE04EC0-301F-11D3-BF4B-00C04F79EFBC}") = "Bus", "Bus\Bus.csproj", "{8EAF0208-B430-4171-A7A3-AA4FEB1C35DC}"
EndProject
Project("{FAE04EC0-301F-11D3-BF4B-00C04F79EFBC}") = "Entity", "Entity\Entity.csproj", "{867283FC-C9F3-448A-90E9-F1BE2BB44131}"
EndProject
Project("{FAE04EC0-301F-11D3-BF4B-00C04F79EFBC}") = "Publisher-web", "Publisher-web\Publisher-web.csproj", "{274D2E43-CB14-4772-A81E-84F2DCA4F2B3}"
EndProject
Project("{FAE04EC0-301F-11D3-BF4B-00C04F79EFBC}") = "publisher-web-test", "publisher-web-test\publisher-web-test.csproj", "{1835FCD8-D3A8-4F90-9358-0D5A378A97F0}"
EndProject
Project("{FAE04EC0-301F-11D3-BF4B-00C04F79EFBC}") = "Subscriber-web", "Subscriber-web\Subscriber-web.csproj", "{8173B824-0295-4052-B1F5-02ED975B665D}"
EndProject
Project("{FAE04EC0-301F-11D3-BF4B-00C04F79EFBC}") = "MedicalJournalReader", "MedicalJournalReeder\MedicalJournalReader.csproj", "{0CB53692-C0E0-46A3-903A-7AA52E6178F2}"
EndProject
Global
	GlobalSection(SolutionConfigurationPlatforms) = preSolution
		Debug|Any CPU = Debug|Any CPU
		Release|Any CPU = Release|Any CPU
	EndGlobalSection
	GlobalSection(ProjectConfigurationPlatforms) = postSolution
		{3A90B463-9894-4E0D-B32D-5475835239F0}.Debug|Any CPU.ActiveCfg = Debug|Any CPU
		{3A90B463-9894-4E0D-B32D-5475835239F0}.Debug|Any CPU.Build.0 = Debug|Any CPU
		{3A90B463-9894-4E0D-B32D-5475835239F0}.Release|Any CPU.ActiveCfg = Release|Any CPU
		{3A90B463-9894-4E0D-B32D-5475835239F0}.Release|Any CPU.Build.0 = Release|Any CPU
		{EB3C0D87-B73D-433D-8BBD-194CD53B682B}.Debug|Any CPU.ActiveCfg = Debug|Any CPU
		{EB3C0D87-B73D-433D-8BBD-194CD53B682B}.Debug|Any CPU.Build.0 = Debug|Any CPU
		{EB3C0D87-B73D-433D-8BBD-194CD53B682B}.Release|Any CPU.ActiveCfg = Release|Any CPU
		{EB3C0D87-B73D-433D-8BBD-194CD53B682B}.Release|Any CPU.Build.0 = Release|Any CPU
		{8EAF0208-B430-4171-A7A3-AA4FEB1C35DC}.Debug|Any CPU.ActiveCfg = Debug|Any CPU
		{8EAF0208-B430-4171-A7A3-AA4FEB1C35DC}.Debug|Any CPU.Build.0 = Debug|Any CPU
		{8EAF0208-B430-4171-A7A3-AA4FEB1C35DC}.Release|Any CPU.ActiveCfg = Release|Any CPU
		{8EAF0208-B430-4171-A7A3-AA4FEB1C35DC}.Release|Any CPU.Build.0 = Release|Any CPU
		{867283FC-C9F3-448A-90E9-F1BE2BB44131}.Debug|Any CPU.ActiveCfg = Debug|Any CPU
		{867283FC-C9F3-448A-90E9-F1BE2BB44131}.Debug|Any CPU.Build.0 = Debug|Any CPU
		{867283FC-C9F3-448A-90E9-F1BE2BB44131}.Release|Any CPU.ActiveCfg = Release|Any CPU
		{867283FC-C9F3-448A-90E9-F1BE2BB44131}.Release|Any CPU.Build.0 = Release|Any CPU
		{274D2E43-CB14-4772-A81E-84F2DCA4F2B3}.Debug|Any CPU.ActiveCfg = Debug|Any CPU
		{274D2E43-CB14-4772-A81E-84F2DCA4F2B3}.Debug|Any CPU.Build.0 = Debug|Any CPU
		{274D2E43-CB14-4772-A81E-84F2DCA4F2B3}.Release|Any CPU.ActiveCfg = Release|Any CPU
		{274D2E43-CB14-4772-A81E-84F2DCA4F2B3}.Release|Any CPU.Build.0 = Release|Any CPU
		{1835FCD8-D3A8-4F90-9358-0D5A378A97F0}.Debug|Any CPU.ActiveCfg = Debug|Any CPU
		{1835FCD8-D3A8-4F90-9358-0D5A378A97F0}.Debug|Any CPU.Build.0 = Debug|Any CPU
		{1835FCD8-D3A8-4F90-9358-0D5A378A97F0}.Release|Any CPU.ActiveCfg = Release|Any CPU
		{1835FCD8-D3A8-4F90-9358-0D5A378A97F0}.Release|Any CPU.Build.0 = Release|Any CPU
		{8173B824-0295-4052-B1F5-02ED975B665D}.Debug|Any CPU.ActiveCfg = Debug|Any CPU
		{8173B824-0295-4052-B1F5-02ED975B665D}.Debug|Any CPU.Build.0 = Debug|Any CPU
		{8173B824-0295-4052-B1F5-02ED975B665D}.Release|Any CPU.ActiveCfg = Release|Any CPU
		{8173B824-0295-4052-B1F5-02ED975B665D}.Release|Any CPU.Build.0 = Release|Any CPU
		{0CB53692-C0E0-46A3-903A-7AA52E6178F2}.Debug|Any CPU.ActiveCfg = Debug|Any CPU
		{0CB53692-C0E0-46A3-903A-7AA52E6178F2}.Debug|Any CPU.Build.0 = Debug|Any CPU
		{0CB53692-C0E0-46A3-903A-7AA52E6178F2}.Release|Any CPU.ActiveCfg = Release|Any CPU
		{0CB53692-C0E0-46A3-903A-7AA52E6178F2}.Release|Any CPU.Build.0 = Release|Any CPU
	EndGlobalSection
	GlobalSection(SolutionProperties) = preSolution
		HideSolutionNode = FALSE
	EndGlobalSection
EndGlobal
